// !$*UTF8*$!
{
	archiveVersion = 1;
	classes = {
	};
	objectVersion = 77;
	objects = {

/* Begin PBXBuildFile section */
		405DB6562DC1BB17003CFE1D /* FirebaseAuth in Frameworks */ = {isa = PBXBuildFile; productRef = 405DB6552DC1BB17003CFE1D /* FirebaseAuth */; };
		405DB6582DC1BB17003CFE1D /* FirebaseCore in Frameworks */ = {isa = PBXBuildFile; productRef = 405DB6572DC1BB17003CFE1D /* FirebaseCore */; };
		405DB65A2DC1BB17003CFE1D /* FirebaseFirestore in Frameworks */ = {isa = PBXBuildFile; productRef = 405DB6592DC1BB17003CFE1D /* FirebaseFirestore */; };
		405DB65D2DC1BB22003CFE1D /* OpenAI in Frameworks */ = {isa = PBXBuildFile; productRef = 405DB65C2DC1BB22003CFE1D /* OpenAI */; };
/* End PBXBuildFile section */

/* Begin PBXContainerItemProxy section */
		4039AD3F2DBB0E200032C01D /* PBXContainerItemProxy */ = {
			isa = PBXContainerItemProxy;
			containerPortal = 4039AD292DBB0E1F0032C01D /* Project object */;
			proxyType = 1;
			remoteGlobalIDString = 4039AD302DBB0E1F0032C01D;
			remoteInfo = GroupChatGPT;
		};
		4039AD492DBB0E200032C01D /* PBXContainerItemProxy */ = {
			isa = PBXContainerItemProxy;
			containerPortal = 4039AD292DBB0E1F0032C01D /* Project object */;
			proxyType = 1;
			remoteGlobalIDString = 4039AD302DBB0E1F0032C01D;
			remoteInfo = GroupChatGPT;
		};
/* End PBXContainerItemProxy section */

/* Begin PBXFileReference section */
		4039AD312DBB0E1F0032C01D /* GroupChatGPT.app */ = {isa = PBXFileReference; explicitFileType = wrapper.application; includeInIndex = 0; path = GroupChatGPT.app; sourceTree = BUILT_PRODUCTS_DIR; };
		4039AD3E2DBB0E200032C01D /* GroupChatGPTTests.xctest */ = {isa = PBXFileReference; explicitFileType = wrapper.cfbundle; includeInIndex = 0; path = GroupChatGPTTests.xctest; sourceTree = BUILT_PRODUCTS_DIR; };
		4039AD482DBB0E200032C01D /* GroupChatGPTUITests.xctest */ = {isa = PBXFileReference; explicitFileType = wrapper.cfbundle; includeInIndex = 0; path = GroupChatGPTUITests.xctest; sourceTree = BUILT_PRODUCTS_DIR; };
/* End PBXFileReference section */

/* Begin PBXFileSystemSynchronizedRootGroup section */
		4039AD332DBB0E1F0032C01D /* GroupChatGPT */ = {
			isa = PBXFileSystemSynchronizedRootGroup;
			path = GroupChatGPT;
			sourceTree = "<group>";
		};
		4039AD412DBB0E200032C01D /* GroupChatGPTTests */ = {
			isa = PBXFileSystemSynchronizedRootGroup;
			path = GroupChatGPTTests;
			sourceTree = "<group>";
		};
		4039AD4B2DBB0E200032C01D /* GroupChatGPTUITests */ = {
			isa = PBXFileSystemSynchronizedRootGroup;
			path = GroupChatGPTUITests;
			sourceTree = "<group>";
		};
/* End PBXFileSystemSynchronizedRootGroup section */

/* Begin PBXFrameworksBuildPhase section */
		4039AD2E2DBB0E1F0032C01D /* Frameworks */ = {
			isa = PBXFrameworksBuildPhase;
			buildActionMask = 2147483647;
			files = (
				405DB6582DC1BB17003CFE1D /* FirebaseCore in Frameworks */,
				405DB6562DC1BB17003CFE1D /* FirebaseAuth in Frameworks */,
				405DB65D2DC1BB22003CFE1D /* OpenAI in Frameworks */,
				405DB65A2DC1BB17003CFE1D /* FirebaseFirestore in Frameworks */,
			);
			runOnlyForDeploymentPostprocessing = 0;
		};
		4039AD3B2DBB0E200032C01D /* Frameworks */ = {
			isa = PBXFrameworksBuildPhase;
			buildActionMask = 2147483647;
			files = (
			);
			runOnlyForDeploymentPostprocessing = 0;
		};
		4039AD452DBB0E200032C01D /* Frameworks */ = {
			isa = PBXFrameworksBuildPhase;
			buildActionMask = 2147483647;
			files = (
			);
			runOnlyForDeploymentPostprocessing = 0;
		};
/* End PBXFrameworksBuildPhase section */

/* Begin PBXGroup section */
		4039AD282DBB0E1F0032C01D = {
			isa = PBXGroup;
			children = (
				4039AD332DBB0E1F0032C01D /* GroupChatGPT */,
				4039AD412DBB0E200032C01D /* GroupChatGPTTests */,
				4039AD4B2DBB0E200032C01D /* GroupChatGPTUITests */,
				4039AD322DBB0E1F0032C01D /* Products */,
			);
			sourceTree = "<group>";
		};
		4039AD322DBB0E1F0032C01D /* Products */ = {
			isa = PBXGroup;
			children = (
				4039AD312DBB0E1F0032C01D /* GroupChatGPT.app */,
				4039AD3E2DBB0E200032C01D /* GroupChatGPTTests.xctest */,
				4039AD482DBB0E200032C01D /* GroupChatGPTUITests.xctest */,
			);
			name = Products;
			sourceTree = "<group>";
		};
/* End PBXGroup section */

/* Begin PBXNativeTarget section */
		4039AD302DBB0E1F0032C01D /* GroupChatGPT */ = {
			isa = PBXNativeTarget;
			buildConfigurationList = 4039AD522DBB0E200032C01D /* Build configuration list for PBXNativeTarget "GroupChatGPT" */;
			buildPhases = (
				4039AD2D2DBB0E1F0032C01D /* Sources */,
				4039AD2E2DBB0E1F0032C01D /* Frameworks */,
				4039AD2F2DBB0E1F0032C01D /* Resources */,
			);
			buildRules = (
			);
			dependencies = (
			);
			fileSystemSynchronizedGroups = (
				4039AD332DBB0E1F0032C01D /* GroupChatGPT */,
			);
			name = GroupChatGPT;
			packageProductDependencies = (
				405DB6552DC1BB17003CFE1D /* FirebaseAuth */,
				405DB6572DC1BB17003CFE1D /* FirebaseCore */,
				405DB6592DC1BB17003CFE1D /* FirebaseFirestore */,
				405DB65C2DC1BB22003CFE1D /* OpenAI */,
			);
			productName = GroupChatGPT;
			productReference = 4039AD312DBB0E1F0032C01D /* GroupChatGPT.app */;
			productType = "com.apple.product-type.application";
		};
		4039AD3D2DBB0E200032C01D /* GroupChatGPTTests */ = {
			isa = PBXNativeTarget;
			buildConfigurationList = 4039AD552DBB0E200032C01D /* Build configuration list for PBXNativeTarget "GroupChatGPTTests" */;
			buildPhases = (
				4039AD3A2DBB0E200032C01D /* Sources */,
				4039AD3B2DBB0E200032C01D /* Frameworks */,
				4039AD3C2DBB0E200032C01D /* Resources */,
			);
			buildRules = (
			);
			dependencies = (
				4039AD402DBB0E200032C01D /* PBXTargetDependency */,
			);
			fileSystemSynchronizedGroups = (
				4039AD412DBB0E200032C01D /* GroupChatGPTTests */,
			);
			name = GroupChatGPTTests;
			packageProductDependencies = (
			);
			productName = GroupChatGPTTests;
			productReference = 4039AD3E2DBB0E200032C01D /* GroupChatGPTTests.xctest */;
			productType = "com.apple.product-type.bundle.unit-test";
		};
		4039AD472DBB0E200032C01D /* GroupChatGPTUITests */ = {
			isa = PBXNativeTarget;
			buildConfigurationList = 4039AD582DBB0E200032C01D /* Build configuration list for PBXNativeTarget "GroupChatGPTUITests" */;
			buildPhases = (
				4039AD442DBB0E200032C01D /* Sources */,
				4039AD452DBB0E200032C01D /* Frameworks */,
				4039AD462DBB0E200032C01D /* Resources */,
			);
			buildRules = (
			);
			dependencies = (
				4039AD4A2DBB0E200032C01D /* PBXTargetDependency */,
			);
			fileSystemSynchronizedGroups = (
				4039AD4B2DBB0E200032C01D /* GroupChatGPTUITests */,
			);
			name = GroupChatGPTUITests;
			packageProductDependencies = (
			);
			productName = GroupChatGPTUITests;
			productReference = 4039AD482DBB0E200032C01D /* GroupChatGPTUITests.xctest */;
			productType = "com.apple.product-type.bundle.ui-testing";
		};
/* End PBXNativeTarget section */

/* Begin PBXProject section */
		4039AD292DBB0E1F0032C01D /* Project object */ = {
			isa = PBXProject;
			attributes = {
				BuildIndependentTargetsInParallel = 1;
				LastSwiftUpdateCheck = 1630;
				LastUpgradeCheck = 1630;
				TargetAttributes = {
					4039AD302DBB0E1F0032C01D = {
						CreatedOnToolsVersion = 16.3;
					};
					4039AD3D2DBB0E200032C01D = {
						CreatedOnToolsVersion = 16.3;
						TestTargetID = 4039AD302DBB0E1F0032C01D;
					};
					4039AD472DBB0E200032C01D = {
						CreatedOnToolsVersion = 16.3;
						TestTargetID = 4039AD302DBB0E1F0032C01D;
					};
				};
			};
			buildConfigurationList = 4039AD2C2DBB0E1F0032C01D /* Build configuration list for PBXProject "GroupChatGPT" */;
			developmentRegion = en;
			hasScannedForEncodings = 0;
			knownRegions = (
				en,
				Base,
			);
			mainGroup = 4039AD282DBB0E1F0032C01D;
			minimizedProjectReferenceProxies = 1;
			packageReferences = (
				405DB6542DC1BB17003CFE1D /* XCRemoteSwiftPackageReference "firebase-ios-sdk" */,
				405DB65B2DC1BB22003CFE1D /* XCRemoteSwiftPackageReference "OpenAI" */,
			);
			preferredProjectObjectVersion = 77;
			productRefGroup = 4039AD322DBB0E1F0032C01D /* Products */;
			projectDirPath = "";
			projectRoot = "";
			targets = (
				4039AD302DBB0E1F0032C01D /* GroupChatGPT */,
				4039AD3D2DBB0E200032C01D /* GroupChatGPTTests */,
				4039AD472DBB0E200032C01D /* GroupChatGPTUITests */,
			);
		};
/* End PBXProject section */

/* Begin PBXResourcesBuildPhase section */
		4039AD2F2DBB0E1F0032C01D /* Resources */ = {
			isa = PBXResourcesBuildPhase;
			buildActionMask = 2147483647;
			files = (
			);
			runOnlyForDeploymentPostprocessing = 0;
		};
		4039AD3C2DBB0E200032C01D /* Resources */ = {
			isa = PBXResourcesBuildPhase;
			buildActionMask = 2147483647;
			files = (
			);
			runOnlyForDeploymentPostprocessing = 0;
		};
		4039AD462DBB0E200032C01D /* Resources */ = {
			isa = PBXResourcesBuildPhase;
			buildActionMask = 2147483647;
			files = (
			);
			runOnlyForDeploymentPostprocessing = 0;
		};
/* End PBXResourcesBuildPhase section */

/* Begin PBXSourcesBuildPhase section */
		4039AD2D2DBB0E1F0032C01D /* Sources */ = {
			isa = PBXSourcesBuildPhase;
			buildActionMask = 2147483647;
			files = (
			);
			runOnlyForDeploymentPostprocessing = 0;
		};
		4039AD3A2DBB0E200032C01D /* Sources */ = {
			isa = PBXSourcesBuildPhase;
			buildActionMask = 2147483647;
			files = (
			);
			runOnlyForDeploymentPostprocessing = 0;
		};
		4039AD442DBB0E200032C01D /* Sources */ = {
			isa = PBXSourcesBuildPhase;
			buildActionMask = 2147483647;
			files = (
			);
			runOnlyForDeploymentPostprocessing = 0;
		};
/* End PBXSourcesBuildPhase section */

/* Begin PBXTargetDependency section */
		4039AD402DBB0E200032C01D /* PBXTargetDependency */ = {
			isa = PBXTargetDependency;
			target = 4039AD302DBB0E1F0032C01D /* GroupChatGPT */;
			targetProxy = 4039AD3F2DBB0E200032C01D /* PBXContainerItemProxy */;
		};
		4039AD4A2DBB0E200032C01D /* PBXTargetDependency */ = {
			isa = PBXTargetDependency;
			target = 4039AD302DBB0E1F0032C01D /* GroupChatGPT */;
			targetProxy = 4039AD492DBB0E200032C01D /* PBXContainerItemProxy */;
		};
/* End PBXTargetDependency section */

/* Begin XCBuildConfiguration section */
		4039AD502DBB0E200032C01D /* Debug */ = {
			isa = XCBuildConfiguration;
			buildSettings = {
				ALWAYS_SEARCH_USER_PATHS = NO;
				ASSETCATALOG_COMPILER_GENERATE_SWIFT_ASSET_SYMBOL_EXTENSIONS = YES;
				CLANG_ANALYZER_NONNULL = YES;
				CLANG_ANALYZER_NUMBER_OBJECT_CONVERSION = YES_AGGRESSIVE;
				CLANG_CXX_LANGUAGE_STANDARD = "gnu++20";
				CLANG_ENABLE_MODULES = YES;
				CLANG_ENABLE_OBJC_ARC = YES;
				CLANG_ENABLE_OBJC_WEAK = YES;
				CLANG_WARN_BLOCK_CAPTURE_AUTORELEASING = YES;
				CLANG_WARN_BOOL_CONVERSION = YES;
				CLANG_WARN_COMMA = YES;
				CLANG_WARN_CONSTANT_CONVERSION = YES;
				CLANG_WARN_DEPRECATED_OBJC_IMPLEMENTATIONS = YES;
				CLANG_WARN_DIRECT_OBJC_ISA_USAGE = YES_ERROR;
				CLANG_WARN_DOCUMENTATION_COMMENTS = YES;
				CLANG_WARN_EMPTY_BODY = YES;
				CLANG_WARN_ENUM_CONVERSION = YES;
				CLANG_WARN_INFINITE_RECURSION = YES;
				CLANG_WARN_INT_CONVERSION = YES;
				CLANG_WARN_NON_LITERAL_NULL_CONVERSION = YES;
				CLANG_WARN_OBJC_IMPLICIT_RETAIN_SELF = YES;
				CLANG_WARN_OBJC_LITERAL_CONVERSION = YES;
				CLANG_WARN_OBJC_ROOT_CLASS = YES_ERROR;
				CLANG_WARN_QUOTED_INCLUDE_IN_FRAMEWORK_HEADER = YES;
				CLANG_WARN_RANGE_LOOP_ANALYSIS = YES;
				CLANG_WARN_STRICT_PROTOTYPES = YES;
				CLANG_WARN_SUSPICIOUS_MOVE = YES;
				CLANG_WARN_UNGUARDED_AVAILABILITY = YES_AGGRESSIVE;
				CLANG_WARN_UNREACHABLE_CODE = YES;
				CLANG_WARN__DUPLICATE_METHOD_MATCH = YES;
				COPY_PHASE_STRIP = NO;
				DEBUG_INFORMATION_FORMAT = dwarf;
				DEVELOPMENT_TEAM = RWC965TCNN;
				ENABLE_STRICT_OBJC_MSGSEND = YES;
				ENABLE_TESTABILITY = YES;
				ENABLE_USER_SCRIPT_SANDBOXING = YES;
				GCC_C_LANGUAGE_STANDARD = gnu17;
				GCC_DYNAMIC_NO_PIC = NO;
				GCC_NO_COMMON_BLOCKS = YES;
				GCC_OPTIMIZATION_LEVEL = 0;
				GCC_PREPROCESSOR_DEFINITIONS = (
					"DEBUG=1",
					"$(inherited)",
				);
				GCC_WARN_64_TO_32_BIT_CONVERSION = YES;
				GCC_WARN_ABOUT_RETURN_TYPE = YES_ERROR;
				GCC_WARN_UNDECLARED_SELECTOR = YES;
				GCC_WARN_UNINITIALIZED_AUTOS = YES_AGGRESSIVE;
				GCC_WARN_UNUSED_FUNCTION = YES;
				GCC_WARN_UNUSED_VARIABLE = YES;
				IPHONEOS_DEPLOYMENT_TARGET = 18.4;
				LOCALIZATION_PREFERS_STRING_CATALOGS = YES;
				MTL_ENABLE_DEBUG_INFO = INCLUDE_SOURCE;
				MTL_FAST_MATH = YES;
				ONLY_ACTIVE_ARCH = YES;
				SDKROOT = iphoneos;
				SWIFT_ACTIVE_COMPILATION_CONDITIONS = "DEBUG $(inherited)";
				SWIFT_OPTIMIZATION_LEVEL = "-Onone";
			};
			name = Debug;
		};
		4039AD512DBB0E200032C01D /* Release */ = {
			isa = XCBuildConfiguration;
			buildSettings = {
				ALWAYS_SEARCH_USER_PATHS = NO;
				ASSETCATALOG_COMPILER_GENERATE_SWIFT_ASSET_SYMBOL_EXTENSIONS = YES;
				CLANG_ANALYZER_NONNULL = YES;
				CLANG_ANALYZER_NUMBER_OBJECT_CONVERSION = YES_AGGRESSIVE;
				CLANG_CXX_LANGUAGE_STANDARD = "gnu++20";
				CLANG_ENABLE_MODULES = YES;
				CLANG_ENABLE_OBJC_ARC = YES;
				CLANG_ENABLE_OBJC_WEAK = YES;
				CLANG_WARN_BLOCK_CAPTURE_AUTORELEASING = YES;
				CLANG_WARN_BOOL_CONVERSION = YES;
				CLANG_WARN_COMMA = YES;
				CLANG_WARN_CONSTANT_CONVERSION = YES;
				CLANG_WARN_DEPRECATED_OBJC_IMPLEMENTATIONS = YES;
				CLANG_WARN_DIRECT_OBJC_ISA_USAGE = YES_ERROR;
				CLANG_WARN_DOCUMENTATION_COMMENTS = YES;
				CLANG_WARN_EMPTY_BODY = YES;
				CLANG_WARN_ENUM_CONVERSION = YES;
				CLANG_WARN_INFINITE_RECURSION = YES;
				CLANG_WARN_INT_CONVERSION = YES;
				CLANG_WARN_NON_LITERAL_NULL_CONVERSION = YES;
				CLANG_WARN_OBJC_IMPLICIT_RETAIN_SELF = YES;
				CLANG_WARN_OBJC_LITERAL_CONVERSION = YES;
				CLANG_WARN_OBJC_ROOT_CLASS = YES_ERROR;
				CLANG_WARN_QUOTED_INCLUDE_IN_FRAMEWORK_HEADER = YES;
				CLANG_WARN_RANGE_LOOP_ANALYSIS = YES;
				CLANG_WARN_STRICT_PROTOTYPES = YES;
				CLANG_WARN_SUSPICIOUS_MOVE = YES;
				CLANG_WARN_UNGUARDED_AVAILABILITY = YES_AGGRESSIVE;
				CLANG_WARN_UNREACHABLE_CODE = YES;
				CLANG_WARN__DUPLICATE_METHOD_MATCH = YES;
				COPY_PHASE_STRIP = NO;
				DEBUG_INFORMATION_FORMAT = "dwarf-with-dsym";
				DEVELOPMENT_TEAM = RWC965TCNN;
				ENABLE_NS_ASSERTIONS = NO;
				ENABLE_STRICT_OBJC_MSGSEND = YES;
				ENABLE_USER_SCRIPT_SANDBOXING = YES;
				GCC_C_LANGUAGE_STANDARD = gnu17;
				GCC_NO_COMMON_BLOCKS = YES;
				GCC_WARN_64_TO_32_BIT_CONVERSION = YES;
				GCC_WARN_ABOUT_RETURN_TYPE = YES_ERROR;
				GCC_WARN_UNDECLARED_SELECTOR = YES;
				GCC_WARN_UNINITIALIZED_AUTOS = YES_AGGRESSIVE;
				GCC_WARN_UNUSED_FUNCTION = YES;
				GCC_WARN_UNUSED_VARIABLE = YES;
				IPHONEOS_DEPLOYMENT_TARGET = 18.4;
				LOCALIZATION_PREFERS_STRING_CATALOGS = YES;
				MTL_ENABLE_DEBUG_INFO = NO;
				MTL_FAST_MATH = YES;
				SDKROOT = iphoneos;
				SWIFT_COMPILATION_MODE = wholemodule;
				VALIDATE_PRODUCT = YES;
			};
			name = Release;
		};
		4039AD532DBB0E200032C01D /* Debug */ = {
			isa = XCBuildConfiguration;
			buildSettings = {
				ASSETCATALOG_COMPILER_APPICON_NAME = AppIcon;
				ASSETCATALOG_COMPILER_GLOBAL_ACCENT_COLOR_NAME = AccentColor;
				CODE_SIGN_STYLE = Automatic;
				CURRENT_PROJECT_VERSION = 1;
				DEVELOPMENT_TEAM = RWC965TCNN;
				ENABLE_PREVIEWS = YES;
				GENERATE_INFOPLIST_FILE = YES;
				INFOPLIST_KEY_UIApplicationSceneManifest_Generation = YES;
				INFOPLIST_KEY_UIApplicationSupportsIndirectInputEvents = YES;
				INFOPLIST_KEY_UILaunchScreen_Generation = YES;
				INFOPLIST_KEY_UISupportedInterfaceOrientations_iPad = "UIInterfaceOrientationPortrait UIInterfaceOrientationPortraitUpsideDown UIInterfaceOrientationLandscapeLeft UIInterfaceOrientationLandscapeRight";
				INFOPLIST_KEY_UISupportedInterfaceOrientations_iPhone = "UIInterfaceOrientationPortrait UIInterfaceOrientationLandscapeLeft UIInterfaceOrientationLandscapeRight";
				LD_RUNPATH_SEARCH_PATHS = (
					"$(inherited)",
					"@executable_path/Frameworks",
				);
				MARKETING_VERSION = 1.0;
				PRODUCT_BUNDLE_IDENTIFIER = ValdiviaWorks.GroupChatGPT;
				PRODUCT_NAME = "$(TARGET_NAME)";
				SWIFT_EMIT_LOC_STRINGS = YES;
				SWIFT_VERSION = 5.0;
				TARGETED_DEVICE_FAMILY = "1,2";
			};
			name = Debug;
		};
		4039AD542DBB0E200032C01D /* Release */ = {
			isa = XCBuildConfiguration;
			buildSettings = {
				ASSETCATALOG_COMPILER_APPICON_NAME = AppIcon;
				ASSETCATALOG_COMPILER_GLOBAL_ACCENT_COLOR_NAME = AccentColor;
				CODE_SIGN_STYLE = Automatic;
				CURRENT_PROJECT_VERSION = 1;
				DEVELOPMENT_TEAM = RWC965TCNN;
				ENABLE_PREVIEWS = YES;
				GENERATE_INFOPLIST_FILE = YES;
				INFOPLIST_KEY_UIApplicationSceneManifest_Generation = YES;
				INFOPLIST_KEY_UIApplicationSupportsIndirectInputEvents = YES;
				INFOPLIST_KEY_UILaunchScreen_Generation = YES;
				INFOPLIST_KEY_UISupportedInterfaceOrientations_iPad = "UIInterfaceOrientationPortrait UIInterfaceOrientationPortraitUpsideDown UIInterfaceOrientationLandscapeLeft UIInterfaceOrientationLandscapeRight";
				INFOPLIST_KEY_UISupportedInterfaceOrientations_iPhone = "UIInterfaceOrientationPortrait UIInterfaceOrientationLandscapeLeft UIInterfaceOrientationLandscapeRight";
				LD_RUNPATH_SEARCH_PATHS = (
					"$(inherited)",
					"@executable_path/Frameworks",
				);
				MARKETING_VERSION = 1.0;
				PRODUCT_BUNDLE_IDENTIFIER = ValdiviaWorks.GroupChatGPT;
				PRODUCT_NAME = "$(TARGET_NAME)";
				SWIFT_EMIT_LOC_STRINGS = YES;
				SWIFT_VERSION = 5.0;
				TARGETED_DEVICE_FAMILY = "1,2";
			};
			name = Release;
		};
		4039AD562DBB0E200032C01D /* Debug */ = {
			isa = XCBuildConfiguration;
			buildSettings = {
				BUNDLE_LOADER = "$(TEST_HOST)";
				CODE_SIGN_STYLE = Automatic;
				CURRENT_PROJECT_VERSION = 1;
				DEVELOPMENT_TEAM = RWC965TCNN;
				GENERATE_INFOPLIST_FILE = YES;
				IPHONEOS_DEPLOYMENT_TARGET = 18.4;
				MARKETING_VERSION = 1.0;
				PRODUCT_BUNDLE_IDENTIFIER = ValdiviaWorks.GroupChatGPTTests;
				PRODUCT_NAME = "$(TARGET_NAME)";
				SWIFT_EMIT_LOC_STRINGS = NO;
				SWIFT_VERSION = 5.0;
				TARGETED_DEVICE_FAMILY = "1,2";
				TEST_HOST = "$(BUILT_PRODUCTS_DIR)/GroupChatGPT.app/$(BUNDLE_EXECUTABLE_FOLDER_PATH)/GroupChatGPT";
			};
			name = Debug;
		};
		4039AD572DBB0E200032C01D /* Release */ = {
			isa = XCBuildConfiguration;
			buildSettings = {
				BUNDLE_LOADER = "$(TEST_HOST)";
				CODE_SIGN_STYLE = Automatic;
				CURRENT_PROJECT_VERSION = 1;
				DEVELOPMENT_TEAM = RWC965TCNN;
				GENERATE_INFOPLIST_FILE = YES;
				IPHONEOS_DEPLOYMENT_TARGET = 18.4;
				MARKETING_VERSION = 1.0;
				PRODUCT_BUNDLE_IDENTIFIER = ValdiviaWorks.GroupChatGPTTests;
				PRODUCT_NAME = "$(TARGET_NAME)";
				SWIFT_EMIT_LOC_STRINGS = NO;
				SWIFT_VERSION = 5.0;
				TARGETED_DEVICE_FAMILY = "1,2";
				TEST_HOST = "$(BUILT_PRODUCTS_DIR)/GroupChatGPT.app/$(BUNDLE_EXECUTABLE_FOLDER_PATH)/GroupChatGPT";
			};
			name = Release;
		};
		4039AD592DBB0E200032C01D /* Debug */ = {
			isa = XCBuildConfiguration;
			buildSettings = {
				CODE_SIGN_STYLE = Automatic;
				CURRENT_PROJECT_VERSION = 1;
				DEVELOPMENT_TEAM = RWC965TCNN;
				GENERATE_INFOPLIST_FILE = YES;
				MARKETING_VERSION = 1.0;
				PRODUCT_BUNDLE_IDENTIFIER = ValdiviaWorks.GroupChatGPTUITests;
				PRODUCT_NAME = "$(TARGET_NAME)";
				SWIFT_EMIT_LOC_STRINGS = NO;
				SWIFT_VERSION = 5.0;
				TARGETED_DEVICE_FAMILY = "1,2";
				TEST_TARGET_NAME = GroupChatGPT;
			};
			name = Debug;
		};
		4039AD5A2DBB0E200032C01D /* Release */ = {
			isa = XCBuildConfiguration;
			buildSettings = {
				CODE_SIGN_STYLE = Automatic;
				CURRENT_PROJECT_VERSION = 1;
				DEVELOPMENT_TEAM = RWC965TCNN;
				GENERATE_INFOPLIST_FILE = YES;
				MARKETING_VERSION = 1.0;
				PRODUCT_BUNDLE_IDENTIFIER = ValdiviaWorks.GroupChatGPTUITests;
				PRODUCT_NAME = "$(TARGET_NAME)";
				SWIFT_EMIT_LOC_STRINGS = NO;
				SWIFT_VERSION = 5.0;
				TARGETED_DEVICE_FAMILY = "1,2";
				TEST_TARGET_NAME = GroupChatGPT;
			};
			name = Release;
		};
/* End XCBuildConfiguration section */

/* Begin XCConfigurationList section */
		4039AD2C2DBB0E1F0032C01D /* Build configuration list for PBXProject "GroupChatGPT" */ = {
			isa = XCConfigurationList;
			buildConfigurations = (
				4039AD502DBB0E200032C01D /* Debug */,
				4039AD512DBB0E200032C01D /* Release */,
			);
			defaultConfigurationIsVisible = 0;
			defaultConfigurationName = Release;
		};
		4039AD522DBB0E200032C01D /* Build configuration list for PBXNativeTarget "GroupChatGPT" */ = {
			isa = XCConfigurationList;
			buildConfigurations = (
				4039AD532DBB0E200032C01D /* Debug */,
				4039AD542DBB0E200032C01D /* Release */,
			);
			defaultConfigurationIsVisible = 0;
			defaultConfigurationName = Release;
		};
		4039AD552DBB0E200032C01D /* Build configuration list for PBXNativeTarget "GroupChatGPTTests" */ = {
			isa = XCConfigurationList;
			buildConfigurations = (
				4039AD562DBB0E200032C01D /* Debug */,
				4039AD572DBB0E200032C01D /* Release */,
			);
			defaultConfigurationIsVisible = 0;
			defaultConfigurationName = Release;
		};
		4039AD582DBB0E200032C01D /* Build configuration list for PBXNativeTarget "GroupChatGPTUITests" */ = {
			isa = XCConfigurationList;
			buildConfigurations = (
				4039AD592DBB0E200032C01D /* Debug */,
				4039AD5A2DBB0E200032C01D /* Release */,
			);
			defaultConfigurationIsVisible = 0;
			defaultConfigurationName = Release;
		};
/* End XCConfigurationList section */

/* Begin XCRemoteSwiftPackageReference section */
		405DB6542DC1BB17003CFE1D /* XCRemoteSwiftPackageReference "firebase-ios-sdk" */ = {
			isa = XCRemoteSwiftPackageReference;
			repositoryURL = "https://github.com/firebase/firebase-ios-sdk.git";
			requirement = {
				kind = upToNextMajorVersion;
				minimumVersion = 11.12.0;
			};
		};
		405DB65B2DC1BB22003CFE1D /* XCRemoteSwiftPackageReference "OpenAI" */ = {
			isa = XCRemoteSwiftPackageReference;
			repositoryURL = "https://github.com/MacPaw/OpenAI.git";
			requirement = {
				kind = upToNextMajorVersion;
				minimumVersion = 0.4.2;
			};
		};
/* End XCRemoteSwiftPackageReference section */

/* Begin XCSwiftPackageProductDependency section */
		405DB6552DC1BB17003CFE1D /* FirebaseAuth */ = {
			isa = XCSwiftPackageProductDependency;
			package = 405DB6542DC1BB17003CFE1D /* XCRemoteSwiftPackageReference "firebase-ios-sdk" */;
			productName = FirebaseAuth;
		};
		405DB6572DC1BB17003CFE1D /* FirebaseCore */ = {
			isa = XCSwiftPackageProductDependency;
			package = 405DB6542DC1BB17003CFE1D /* XCRemoteSwiftPackageReference "firebase-ios-sdk" */;
			productName = FirebaseCore;
		};
		405DB6592DC1BB17003CFE1D /* FirebaseFirestore */ = {
			isa = XCSwiftPackageProductDependency;
			package = 405DB6542DC1BB17003CFE1D /* XCRemoteSwiftPackageReference "firebase-ios-sdk" */;
			productName = FirebaseFirestore;
		};
		405DB65C2DC1BB22003CFE1D /* OpenAI */ = {
			isa = XCSwiftPackageProductDependency;
			package = 405DB65B2DC1BB22003CFE1D /* XCRemoteSwiftPackageReference "OpenAI" */;
			productName = OpenAI;
		};
/* End XCSwiftPackageProductDependency section */
	};
	rootObject = 4039AD292DBB0E1F0032C01D /* Project object */;
}
